
Microsoft Visual Studio Solution File, Format Version 12.00
# Visual Studio 15
VisualStudioVersion = 15.0.27428.1
MinimumVisualStudioVersion = 10.0.40219.1
Project("{FAE04EC0-301F-11D3-BF4B-00C04F79EFBC}") = "Page Generator", "Page Generator.csproj", "{CF869836-EB40-495E-ABEC-CBD3FDF3B872}"
EndProject
Global
	GlobalSection(SolutionConfigurationPlatforms) = preSolution
		Debug|Any CPU = Debug|Any CPU
		Release|Any CPU = Release|Any CPU
	EndGlobalSection
	GlobalSection(ProjectConfigurationPlatforms) = postSolution
		{CF869836-EB40-495E-ABEC-CBD3FDF3B872}.Debug|Any CPU.ActiveCfg = Debug|Any CPU
		{CF869836-EB40-495E-ABEC-CBD3FDF3B872}.Debug|Any CPU.Build.0 = Debug|Any CPU
		{CF869836-EB40-495E-ABEC-CBD3FDF3B872}.Release|Any CPU.ActiveCfg = Release|Any CPU
		{CF869836-EB40-495E-ABEC-CBD3FDF3B872}.Release|Any CPU.Build.0 = Release|Any CPU
	EndGlobalSection
	GlobalSection(SolutionProperties) = preSolution
		HideSolutionNode = FALSE
	EndGlobalSection
	GlobalSection(ExtensibilityGlobals) = postSolution
		SolutionGuid = {EE50F72D-7008-4AD4-84CF-DEA0E7163AE4}
	EndGlobalSection
EndGlobal
